// !$*UTF8*$!
{
	archiveVersion = 1;
	classes = {
	};
	objectVersion = 56;
	objects = {

/* Begin PBXBuildFile section */
		AA12E50528C627F8000A41B6 /* YahooFinanceViewModel.swift in Sources */ = {isa = PBXBuildFile; fileRef = AA12E50428C627F8000A41B6 /* YahooFinanceViewModel.swift */; };
		AA12E50728C62826000A41B6 /* InvestingStockViewModel.swift in Sources */ = {isa = PBXBuildFile; fileRef = AA12E50628C62826000A41B6 /* InvestingStockViewModel.swift */; };
		AA12E50928C62854000A41B6 /* GoogleNewsViewModel.swift in Sources */ = {isa = PBXBuildFile; fileRef = AA12E50828C62854000A41B6 /* GoogleNewsViewModel.swift */; };
		AA12E50B28C6E3A0000A41B6 /* GoogleService-Info.plist in Resources */ = {isa = PBXBuildFile; fileRef = AA12E50A28C6E3A0000A41B6 /* GoogleService-Info.plist */; };
		AA12E50E28C6F988000A41B6 /* FirebaseAuth in Frameworks */ = {isa = PBXBuildFile; productRef = AA12E50D28C6F988000A41B6 /* FirebaseAuth */; };
		AA12E51528C7060E000A41B6 /* GoogleSignInSwift in Frameworks */ = {isa = PBXBuildFile; productRef = AA12E51428C7060E000A41B6 /* GoogleSignInSwift */; };
		AA12E51728C70DD1000A41B6 /* LoginPageView.swift in Sources */ = {isa = PBXBuildFile; fileRef = AA12E51628C70DD1000A41B6 /* LoginPageView.swift */; };
		AA1340CD28AE1BB4004336F6 /* SideMenu.swift in Sources */ = {isa = PBXBuildFile; fileRef = AA1340CC28AE1BB4004336F6 /* SideMenu.swift */; };
		AA1340F528AFD0E9004336F6 /* BaseView.swift in Sources */ = {isa = PBXBuildFile; fileRef = AA1340F428AFD0E9004336F6 /* BaseView.swift */; };
		AA50E96028A9F842009AC4DC /* wallboy_frameApp.swift in Sources */ = {isa = PBXBuildFile; fileRef = AA50E95F28A9F842009AC4DC /* wallboy_frameApp.swift */; };
		AA50E96228A9F842009AC4DC /* ContentView.swift in Sources */ = {isa = PBXBuildFile; fileRef = AA50E96128A9F842009AC4DC /* ContentView.swift */; };
		AA50E96428A9F845009AC4DC /* Assets.xcassets in Resources */ = {isa = PBXBuildFile; fileRef = AA50E96328A9F845009AC4DC /* Assets.xcassets */; };
		AA50E96728A9F845009AC4DC /* Preview Assets.xcassets in Resources */ = {isa = PBXBuildFile; fileRef = AA50E96628A9F845009AC4DC /* Preview Assets.xcassets */; };
		AA50E96928A9F845009AC4DC /* Persistence.swift in Sources */ = {isa = PBXBuildFile; fileRef = AA50E96828A9F845009AC4DC /* Persistence.swift */; };
		AA50E96C28A9F845009AC4DC /* wallboy_frame.xcdatamodeld in Sources */ = {isa = PBXBuildFile; fileRef = AA50E96A28A9F845009AC4DC /* wallboy_frame.xcdatamodeld */; };
		AA50E97428AA0A61009AC4DC /* SearchView.swift in Sources */ = {isa = PBXBuildFile; fileRef = AA50E97328AA0A61009AC4DC /* SearchView.swift */; };
		AA50E97628AA0A7B009AC4DC /* HomeView.swift in Sources */ = {isa = PBXBuildFile; fileRef = AA50E97528AA0A7B009AC4DC /* HomeView.swift */; };
		AA50E97828AA0AB2009AC4DC /* MyInfoView.swift in Sources */ = {isa = PBXBuildFile; fileRef = AA50E97728AA0AB2009AC4DC /* MyInfoView.swift */; };
		AA50E97A28AA0AD2009AC4DC /* MyAssetView.swift in Sources */ = {isa = PBXBuildFile; fileRef = AA50E97928AA0AD2009AC4DC /* MyAssetView.swift */; };
		AA50E97C28AA0C43009AC4DC /* NewsView.swift in Sources */ = {isa = PBXBuildFile; fileRef = AA50E97B28AA0C43009AC4DC /* NewsView.swift */; };
		AA50E97F28AA0E4C009AC4DC /* usStock.json in Resources */ = {isa = PBXBuildFile; fileRef = AA50E97E28AA0E4C009AC4DC /* usStock.json */; };
		AA50E98228AA0E7B009AC4DC /* ModelData.swift in Sources */ = {isa = PBXBuildFile; fileRef = AA50E98128AA0E7B009AC4DC /* ModelData.swift */; };
		AA50E98428AA0EA8009AC4DC /* StockDetail.swift in Sources */ = {isa = PBXBuildFile; fileRef = AA50E98328AA0EA8009AC4DC /* StockDetail.swift */; };
		AA50E98628AA1AC1009AC4DC /* StockDetailView.swift in Sources */ = {isa = PBXBuildFile; fileRef = AA50E98528AA1AC1009AC4DC /* StockDetailView.swift */; };
		AA50E98828AA2DAD009AC4DC /* StockCurrent.swift in Sources */ = {isa = PBXBuildFile; fileRef = AA50E98728AA2DAD009AC4DC /* StockCurrent.swift */; };
		AA50E98B28AA3246009AC4DC /* StockCurrentViewModel.swift in Sources */ = {isa = PBXBuildFile; fileRef = AA50E98A28AA3246009AC4DC /* StockCurrentViewModel.swift */; };
		AA50E98D28AA3541009AC4DC /* TimeSeriesViewModel.swift in Sources */ = {isa = PBXBuildFile; fileRef = AA50E98C28AA3541009AC4DC /* TimeSeriesViewModel.swift */; };
		AA50E98F28AA356B009AC4DC /* DailyStockViewModel.swift in Sources */ = {isa = PBXBuildFile; fileRef = AA50E98E28AA356B009AC4DC /* DailyStockViewModel.swift */; };
		AA50E99128AA359A009AC4DC /* TimeSeries.swift in Sources */ = {isa = PBXBuildFile; fileRef = AA50E99028AA359A009AC4DC /* TimeSeries.swift */; };
		AA50E99328AB5BE1009AC4DC /* MyStockViewModel.swift in Sources */ = {isa = PBXBuildFile; fileRef = AA50E99228AB5BE1009AC4DC /* MyStockViewModel.swift */; };
		AA50E99528AB5D3F009AC4DC /* StockPurchaseView.swift in Sources */ = {isa = PBXBuildFile; fileRef = AA50E99428AB5D3F009AC4DC /* StockPurchaseView.swift */; };
		AAAD6DB428AD072000D543D4 /* Category.json in Resources */ = {isa = PBXBuildFile; fileRef = AAAD6DB328AD072000D543D4 /* Category.json */; };
		AAB8C09F28D0836800A7BB13 /* StockPurchaseViewModel.swift in Sources */ = {isa = PBXBuildFile; fileRef = AAB8C09E28D0836800A7BB13 /* StockPurchaseViewModel.swift */; };
		AAB8C0A128D0839800A7BB13 /* StockWallet.swift in Sources */ = {isa = PBXBuildFile; fileRef = AAB8C0A028D0839800A7BB13 /* StockWallet.swift */; };
		AAB8C0CB28D0A4A700A7BB13 /* GoogleLoginViewModel.swift in Sources */ = {isa = PBXBuildFile; fileRef = AAB8C0CA28D0A4A700A7BB13 /* GoogleLoginViewModel.swift */; };
		AAB8C0CD28D3132B00A7BB13 /* MyStockView.swift in Sources */ = {isa = PBXBuildFile; fileRef = AAB8C0CC28D3132A00A7BB13 /* MyStockView.swift */; };
		AAB8C0D528D31B7000A7BB13 /* SeekingAlphaViewModel.swift in Sources */ = {isa = PBXBuildFile; fileRef = AAB8C0D428D31B7000A7BB13 /* SeekingAlphaViewModel.swift */; };
		AAB8C0D728D436F800A7BB13 /* StockInfoViewModel.swift in Sources */ = {isa = PBXBuildFile; fileRef = AAB8C0D628D436F800A7BB13 /* StockInfoViewModel.swift */; };
		AAB8C0D928D46F9000A7BB13 /* StockInfo.swift in Sources */ = {isa = PBXBuildFile; fileRef = AAB8C0D828D46F9000A7BB13 /* StockInfo.swift */; };
		AAC15E6728BCB4C2007009B9 /* SafariView.swift in Sources */ = {isa = PBXBuildFile; fileRef = AAC15E6628BCB4C2007009B9 /* SafariView.swift */; };
/* End PBXBuildFile section */

/* Begin PBXFileReference section */
		AA12E50428C627F8000A41B6 /* YahooFinanceViewModel.swift */ = {isa = PBXFileReference; lastKnownFileType = sourcecode.swift; path = YahooFinanceViewModel.swift; sourceTree = "<group>"; };
		AA12E50628C62826000A41B6 /* InvestingStockViewModel.swift */ = {isa = PBXFileReference; lastKnownFileType = sourcecode.swift; path = InvestingStockViewModel.swift; sourceTree = "<group>"; };
		AA12E50828C62854000A41B6 /* GoogleNewsViewModel.swift */ = {isa = PBXFileReference; lastKnownFileType = sourcecode.swift; path = GoogleNewsViewModel.swift; sourceTree = "<group>"; };
		AA12E50A28C6E3A0000A41B6 /* GoogleService-Info.plist */ = {isa = PBXFileReference; fileEncoding = 4; lastKnownFileType = text.plist.xml; path = "GoogleService-Info.plist"; sourceTree = "<group>"; };
		AA12E51628C70DD1000A41B6 /* LoginPageView.swift */ = {isa = PBXFileReference; lastKnownFileType = sourcecode.swift; path = LoginPageView.swift; sourceTree = "<group>"; };
		AA12E51828C713B0000A41B6 /* wallboy-frame-Info.plist */ = {isa = PBXFileReference; lastKnownFileType = text.plist; path = "wallboy-frame-Info.plist"; sourceTree = SOURCE_ROOT; };
		AA1340CC28AE1BB4004336F6 /* SideMenu.swift */ = {isa = PBXFileReference; lastKnownFileType = sourcecode.swift; path = SideMenu.swift; sourceTree = "<group>"; };
		AA1340F428AFD0E9004336F6 /* BaseView.swift */ = {isa = PBXFileReference; lastKnownFileType = sourcecode.swift; path = BaseView.swift; sourceTree = "<group>"; };
		AA50E95C28A9F842009AC4DC /* wallboy_frame.app */ = {isa = PBXFileReference; explicitFileType = wrapper.application; includeInIndex = 0; path = wallboy_frame.app; sourceTree = BUILT_PRODUCTS_DIR; };
		AA50E95F28A9F842009AC4DC /* wallboy_frameApp.swift */ = {isa = PBXFileReference; lastKnownFileType = sourcecode.swift; path = wallboy_frameApp.swift; sourceTree = "<group>"; };
		AA50E96128A9F842009AC4DC /* ContentView.swift */ = {isa = PBXFileReference; lastKnownFileType = sourcecode.swift; path = ContentView.swift; sourceTree = "<group>"; };
		AA50E96328A9F845009AC4DC /* Assets.xcassets */ = {isa = PBXFileReference; lastKnownFileType = folder.assetcatalog; path = Assets.xcassets; sourceTree = "<group>"; };
		AA50E96628A9F845009AC4DC /* Preview Assets.xcassets */ = {isa = PBXFileReference; lastKnownFileType = folder.assetcatalog; path = "Preview Assets.xcassets"; sourceTree = "<group>"; };
		AA50E96828A9F845009AC4DC /* Persistence.swift */ = {isa = PBXFileReference; lastKnownFileType = sourcecode.swift; path = Persistence.swift; sourceTree = "<group>"; };
		AA50E96B28A9F845009AC4DC /* wallboy_frame.xcdatamodel */ = {isa = PBXFileReference; lastKnownFileType = wrapper.xcdatamodel; path = wallboy_frame.xcdatamodel; sourceTree = "<group>"; };
		AA50E97328AA0A61009AC4DC /* SearchView.swift */ = {isa = PBXFileReference; lastKnownFileType = sourcecode.swift; path = SearchView.swift; sourceTree = "<group>"; };
		AA50E97528AA0A7B009AC4DC /* HomeView.swift */ = {isa = PBXFileReference; lastKnownFileType = sourcecode.swift; path = HomeView.swift; sourceTree = "<group>"; };
		AA50E97728AA0AB2009AC4DC /* MyInfoView.swift */ = {isa = PBXFileReference; lastKnownFileType = sourcecode.swift; path = MyInfoView.swift; sourceTree = "<group>"; };
		AA50E97928AA0AD2009AC4DC /* MyAssetView.swift */ = {isa = PBXFileReference; lastKnownFileType = sourcecode.swift; path = MyAssetView.swift; sourceTree = "<group>"; };
		AA50E97B28AA0C43009AC4DC /* NewsView.swift */ = {isa = PBXFileReference; lastKnownFileType = sourcecode.swift; path = NewsView.swift; sourceTree = "<group>"; };
		AA50E97E28AA0E4C009AC4DC /* usStock.json */ = {isa = PBXFileReference; fileEncoding = 4; lastKnownFileType = text.json; name = usStock.json; path = ../../../../usStock.json; sourceTree = "<group>"; };
		AA50E98128AA0E7B009AC4DC /* ModelData.swift */ = {isa = PBXFileReference; lastKnownFileType = sourcecode.swift; path = ModelData.swift; sourceTree = "<group>"; };
		AA50E98328AA0EA8009AC4DC /* StockDetail.swift */ = {isa = PBXFileReference; lastKnownFileType = sourcecode.swift; path = StockDetail.swift; sourceTree = "<group>"; };
		AA50E98528AA1AC1009AC4DC /* StockDetailView.swift */ = {isa = PBXFileReference; lastKnownFileType = sourcecode.swift; path = StockDetailView.swift; sourceTree = "<group>"; };
		AA50E98728AA2DAD009AC4DC /* StockCurrent.swift */ = {isa = PBXFileReference; lastKnownFileType = sourcecode.swift; path = StockCurrent.swift; sourceTree = "<group>"; };
		AA50E98A28AA3246009AC4DC /* StockCurrentViewModel.swift */ = {isa = PBXFileReference; lastKnownFileType = sourcecode.swift; path = StockCurrentViewModel.swift; sourceTree = "<group>"; };
		AA50E98C28AA3541009AC4DC /* TimeSeriesViewModel.swift */ = {isa = PBXFileReference; lastKnownFileType = sourcecode.swift; path = TimeSeriesViewModel.swift; sourceTree = "<group>"; };
		AA50E98E28AA356B009AC4DC /* DailyStockViewModel.swift */ = {isa = PBXFileReference; lastKnownFileType = sourcecode.swift; path = DailyStockViewModel.swift; sourceTree = "<group>"; };
		AA50E99028AA359A009AC4DC /* TimeSeries.swift */ = {isa = PBXFileReference; lastKnownFileType = sourcecode.swift; path = TimeSeries.swift; sourceTree = "<group>"; };
		AA50E99228AB5BE1009AC4DC /* MyStockViewModel.swift */ = {isa = PBXFileReference; lastKnownFileType = sourcecode.swift; path = MyStockViewModel.swift; sourceTree = "<group>"; };
		AA50E99428AB5D3F009AC4DC /* StockPurchaseView.swift */ = {isa = PBXFileReference; lastKnownFileType = sourcecode.swift; path = StockPurchaseView.swift; sourceTree = "<group>"; };
		AAAD6DB328AD072000D543D4 /* Category.json */ = {isa = PBXFileReference; fileEncoding = 4; lastKnownFileType = text.json; path = Category.json; sourceTree = "<group>"; };
		AAB8C09E28D0836800A7BB13 /* StockPurchaseViewModel.swift */ = {isa = PBXFileReference; lastKnownFileType = sourcecode.swift; path = StockPurchaseViewModel.swift; sourceTree = "<group>"; };
		AAB8C0A028D0839800A7BB13 /* StockWallet.swift */ = {isa = PBXFileReference; lastKnownFileType = sourcecode.swift; path = StockWallet.swift; sourceTree = "<group>"; };
		AAB8C0CA28D0A4A700A7BB13 /* GoogleLoginViewModel.swift */ = {isa = PBXFileReference; lastKnownFileType = sourcecode.swift; path = GoogleLoginViewModel.swift; sourceTree = "<group>"; };
		AAB8C0CC28D3132A00A7BB13 /* MyStockView.swift */ = {isa = PBXFileReference; lastKnownFileType = sourcecode.swift; path = MyStockView.swift; sourceTree = "<group>"; };
		AAB8C0D428D31B7000A7BB13 /* SeekingAlphaViewModel.swift */ = {isa = PBXFileReference; lastKnownFileType = sourcecode.swift; path = SeekingAlphaViewModel.swift; sourceTree = "<group>"; };
		AAB8C0D628D436F800A7BB13 /* StockInfoViewModel.swift */ = {isa = PBXFileReference; lastKnownFileType = sourcecode.swift; path = StockInfoViewModel.swift; sourceTree = "<group>"; };
		AAB8C0D828D46F9000A7BB13 /* StockInfo.swift */ = {isa = PBXFileReference; lastKnownFileType = sourcecode.swift; path = StockInfo.swift; sourceTree = "<group>"; };
		AAC15E6628BCB4C2007009B9 /* SafariView.swift */ = {isa = PBXFileReference; lastKnownFileType = sourcecode.swift; path = SafariView.swift; sourceTree = "<group>"; };
/* End PBXFileReference section */

/* Begin PBXFrameworksBuildPhase section */
		AA50E95928A9F842009AC4DC /* Frameworks */ = {
			isa = PBXFrameworksBuildPhase;
			buildActionMask = 2147483647;
			files = (
				AA12E50E28C6F988000A41B6 /* FirebaseAuth in Frameworks */,
				AA12E51528C7060E000A41B6 /* GoogleSignInSwift in Frameworks */,
			);
			runOnlyForDeploymentPostprocessing = 0;
		};
/* End PBXFrameworksBuildPhase section */

/* Begin PBXGroup section */
		AA12E50328C627DF000A41B6 /* News */ = {
			isa = PBXGroup;
			children = (
				AA12E50428C627F8000A41B6 /* YahooFinanceViewModel.swift */,
				AA12E50628C62826000A41B6 /* InvestingStockViewModel.swift */,
				AA12E50828C62854000A41B6 /* GoogleNewsViewModel.swift */,
			);
			path = News;
			sourceTree = "<group>";
		};
		AA12E51928C720D0000A41B6 /* Stock */ = {
			isa = PBXGroup;
			children = (
				AA50E98A28AA3246009AC4DC /* StockCurrentViewModel.swift */,
				AA50E98C28AA3541009AC4DC /* TimeSeriesViewModel.swift */,
				AA50E98E28AA356B009AC4DC /* DailyStockViewModel.swift */,
				AAB8C09E28D0836800A7BB13 /* StockPurchaseViewModel.swift */,
				AAB8C0D628D436F800A7BB13 /* StockInfoViewModel.swift */,
			);
			path = Stock;
			sourceTree = "<group>";
		};
		AA50E95328A9F842009AC4DC = {
			isa = PBXGroup;
			children = (
				AA50E95E28A9F842009AC4DC /* wallboy_frame */,
				AA50E95D28A9F842009AC4DC /* Products */,
				AA611E4428C82DF0007EF33C /* Frameworks */,
			);
			sourceTree = "<group>";
		};
		AA50E95D28A9F842009AC4DC /* Products */ = {
			isa = PBXGroup;
			children = (
				AA50E95C28A9F842009AC4DC /* wallboy_frame.app */,
			);
			name = Products;
			sourceTree = "<group>";
		};
		AA50E95E28A9F842009AC4DC /* wallboy_frame */ = {
			isa = PBXGroup;
			children = (
				AA12E51828C713B0000A41B6 /* wallboy-frame-Info.plist */,
				AA12E50A28C6E3A0000A41B6 /* GoogleService-Info.plist */,
				AA50E98928AA3231009AC4DC /* ViewModel */,
				AA50E98028AA0E5C009AC4DC /* Model */,
				AA50E97D28AA0E3F009AC4DC /* Resources */,
				AA50E97228AA0A52009AC4DC /* View */,
				AA50E95F28A9F842009AC4DC /* wallboy_frameApp.swift */,
				AA50E96128A9F842009AC4DC /* ContentView.swift */,
				AA50E96328A9F845009AC4DC /* Assets.xcassets */,
				AA50E96828A9F845009AC4DC /* Persistence.swift */,
				AA50E96A28A9F845009AC4DC /* wallboy_frame.xcdatamodeld */,
				AA50E96528A9F845009AC4DC /* Preview Content */,
			);
			path = wallboy_frame;
			sourceTree = "<group>";
		};
		AA50E96528A9F845009AC4DC /* Preview Content */ = {
			isa = PBXGroup;
			children = (
				AA50E96628A9F845009AC4DC /* Preview Assets.xcassets */,
			);
			path = "Preview Content";
			sourceTree = "<group>";
		};
		AA50E97228AA0A52009AC4DC /* View */ = {
			isa = PBXGroup;
			children = (
				AAB8C0D228D3158400A7BB13 /* Assistance */,
				AAB8C0D128D314D200A7BB13 /* News */,
				AAB8C0D028D3136300A7BB13 /* MyInfo */,
				AAB8C0CF28D3135400A7BB13 /* MyAsset */,
				AAB8C0CE28D3133300A7BB13 /* Search */,
				AA50E97528AA0A7B009AC4DC /* HomeView.swift */,
				AA1340F428AFD0E9004336F6 /* BaseView.swift */,
			);
			path = View;
			sourceTree = "<group>";
		};
		AA50E97D28AA0E3F009AC4DC /* Resources */ = {
			isa = PBXGroup;
			children = (
				AAAD6DB328AD072000D543D4 /* Category.json */,
				AA50E97E28AA0E4C009AC4DC /* usStock.json */,
			);
			path = Resources;
			sourceTree = "<group>";
		};
		AA50E98028AA0E5C009AC4DC /* Model */ = {
			isa = PBXGroup;
			children = (
				AA50E98128AA0E7B009AC4DC /* ModelData.swift */,
				AA50E98328AA0EA8009AC4DC /* StockDetail.swift */,
				AA50E98728AA2DAD009AC4DC /* StockCurrent.swift */,
				AA50E99028AA359A009AC4DC /* TimeSeries.swift */,
				AAB8C0A028D0839800A7BB13 /* StockWallet.swift */,
				AAB8C0D828D46F9000A7BB13 /* StockInfo.swift */,
			);
			path = Model;
			sourceTree = "<group>";
		};
		AA50E98928AA3231009AC4DC /* ViewModel */ = {
			isa = PBXGroup;
			children = (
				AAB8C0D328D31B5700A7BB13 /* SeekingAlpha */,
				AAB8C0A228D0973800A7BB13 /* Google */,
				AA12E51928C720D0000A41B6 /* Stock */,
				AA12E50328C627DF000A41B6 /* News */,
				AA50E99228AB5BE1009AC4DC /* MyStockViewModel.swift */,
			);
			path = ViewModel;
			sourceTree = "<group>";
		};
		AA611E4428C82DF0007EF33C /* Frameworks */ = {
			isa = PBXGroup;
			children = (
			);
			name = Frameworks;
			sourceTree = "<group>";
		};
		AAB8C0A228D0973800A7BB13 /* Google */ = {
			isa = PBXGroup;
			children = (
				AAB8C0CA28D0A4A700A7BB13 /* GoogleLoginViewModel.swift */,
			);
			path = Google;
			sourceTree = "<group>";
		};
		AAB8C0CE28D3133300A7BB13 /* Search */ = {
			isa = PBXGroup;
			children = (
				AA50E99428AB5D3F009AC4DC /* StockPurchaseView.swift */,
				AA50E98528AA1AC1009AC4DC /* StockDetailView.swift */,
				AA50E97328AA0A61009AC4DC /* SearchView.swift */,
			);
			path = Search;
			sourceTree = "<group>";
		};
		AAB8C0CF28D3135400A7BB13 /* MyAsset */ = {
			isa = PBXGroup;
			children = (
				AAB8C0CC28D3132A00A7BB13 /* MyStockView.swift */,
				AA50E97928AA0AD2009AC4DC /* MyAssetView.swift */,
			);
			path = MyAsset;
			sourceTree = "<group>";
		};
		AAB8C0D028D3136300A7BB13 /* MyInfo */ = {
			isa = PBXGroup;
			children = (
				AA50E97728AA0AB2009AC4DC /* MyInfoView.swift */,
			);
			path = MyInfo;
			sourceTree = "<group>";
		};
		AAB8C0D128D314D200A7BB13 /* News */ = {
			isa = PBXGroup;
			children = (
				AA50E97B28AA0C43009AC4DC /* NewsView.swift */,
			);
			path = News;
			sourceTree = "<group>";
		};
		AAB8C0D228D3158400A7BB13 /* Assistance */ = {
			isa = PBXGroup;
			children = (
				AAC15E6628BCB4C2007009B9 /* SafariView.swift */,
				AA1340CC28AE1BB4004336F6 /* SideMenu.swift */,
				AA12E51628C70DD1000A41B6 /* LoginPageView.swift */,
			);
			path = Assistance;
			sourceTree = "<group>";
		};
		AAB8C0D328D31B5700A7BB13 /* SeekingAlpha */ = {
			isa = PBXGroup;
			children = (
				AAB8C0D428D31B7000A7BB13 /* SeekingAlphaViewModel.swift */,
			);
			path = SeekingAlpha;
			sourceTree = "<group>";
		};
/* End PBXGroup section */

/* Begin PBXNativeTarget section */
		AA50E95B28A9F842009AC4DC /* wallboy_frame */ = {
			isa = PBXNativeTarget;
			buildConfigurationList = AA50E96F28A9F845009AC4DC /* Build configuration list for PBXNativeTarget "wallboy_frame" */;
			buildPhases = (
				AA50E95828A9F842009AC4DC /* Sources */,
				AA50E95928A9F842009AC4DC /* Frameworks */,
				AA50E95A28A9F842009AC4DC /* Resources */,
			);
			buildRules = (
			);
			dependencies = (
			);
			name = wallboy_frame;
			packageProductDependencies = (
				AA12E50D28C6F988000A41B6 /* FirebaseAuth */,
				AA12E51428C7060E000A41B6 /* GoogleSignInSwift */,
			);
			productName = wallboy_frame;
			productReference = AA50E95C28A9F842009AC4DC /* wallboy_frame.app */;
			productType = "com.apple.product-type.application";
		};
/* End PBXNativeTarget section */

/* Begin PBXProject section */
		AA50E95428A9F842009AC4DC /* Project object */ = {
			isa = PBXProject;
			attributes = {
				BuildIndependentTargetsInParallel = 1;
				LastSwiftUpdateCheck = 1400;
				LastUpgradeCheck = 1400;
				TargetAttributes = {
					AA50E95B28A9F842009AC4DC = {
						CreatedOnToolsVersion = 14.0;
					};
				};
			};
			buildConfigurationList = AA50E95728A9F842009AC4DC /* Build configuration list for PBXProject "wallboy_frame" */;
			compatibilityVersion = "Xcode 14.0";
			developmentRegion = en;
			hasScannedForEncodings = 0;
			knownRegions = (
				en,
				Base,
			);
			mainGroup = AA50E95328A9F842009AC4DC;
			packageReferences = (
				AA12E50C28C6F988000A41B6 /* XCRemoteSwiftPackageReference "firebase-ios-sdk" */,
				AA12E51328C7060E000A41B6 /* XCRemoteSwiftPackageReference "GoogleSignIn-iOS" */,
			);
			productRefGroup = AA50E95D28A9F842009AC4DC /* Products */;
			projectDirPath = "";
			projectRoot = "";
			targets = (
				AA50E95B28A9F842009AC4DC /* wallboy_frame */,
			);
		};
/* End PBXProject section */

/* Begin PBXResourcesBuildPhase section */
		AA50E95A28A9F842009AC4DC /* Resources */ = {
			isa = PBXResourcesBuildPhase;
			buildActionMask = 2147483647;
			files = (
				AA50E96728A9F845009AC4DC /* Preview Assets.xcassets in Resources */,
				AA50E96428A9F845009AC4DC /* Assets.xcassets in Resources */,
				AA12E50B28C6E3A0000A41B6 /* GoogleService-Info.plist in Resources */,
				AA50E97F28AA0E4C009AC4DC /* usStock.json in Resources */,
				AAAD6DB428AD072000D543D4 /* Category.json in Resources */,
			);
			runOnlyForDeploymentPostprocessing = 0;
		};
/* End PBXResourcesBuildPhase section */

/* Begin PBXSourcesBuildPhase section */
		AA50E95828A9F842009AC4DC /* Sources */ = {
			isa = PBXSourcesBuildPhase;
			buildActionMask = 2147483647;
			files = (
				AAB8C0D528D31B7000A7BB13 /* SeekingAlphaViewModel.swift in Sources */,
				AAB8C0A128D0839800A7BB13 /* StockWallet.swift in Sources */,
				AA50E97828AA0AB2009AC4DC /* MyInfoView.swift in Sources */,
				AAB8C09F28D0836800A7BB13 /* StockPurchaseViewModel.swift in Sources */,
				AA50E99328AB5BE1009AC4DC /* MyStockViewModel.swift in Sources */,
				AA50E97428AA0A61009AC4DC /* SearchView.swift in Sources */,
				AA50E96928A9F845009AC4DC /* Persistence.swift in Sources */,
				AAC15E6728BCB4C2007009B9 /* SafariView.swift in Sources */,
				AA50E98428AA0EA8009AC4DC /* StockDetail.swift in Sources */,
				AA50E99528AB5D3F009AC4DC /* StockPurchaseView.swift in Sources */,
				AA50E97C28AA0C43009AC4DC /* NewsView.swift in Sources */,
				AA12E50528C627F8000A41B6 /* YahooFinanceViewModel.swift in Sources */,
				AA1340CD28AE1BB4004336F6 /* SideMenu.swift in Sources */,
				AA50E99128AA359A009AC4DC /* TimeSeries.swift in Sources */,
				AA50E96228A9F842009AC4DC /* ContentView.swift in Sources */,
				AAB8C0D728D436F800A7BB13 /* StockInfoViewModel.swift in Sources */,
				AA12E50928C62854000A41B6 /* GoogleNewsViewModel.swift in Sources */,
				AA50E97628AA0A7B009AC4DC /* HomeView.swift in Sources */,
				AA50E98F28AA356B009AC4DC /* DailyStockViewModel.swift in Sources */,
				AA50E97A28AA0AD2009AC4DC /* MyAssetView.swift in Sources */,
				AAB8C0CD28D3132B00A7BB13 /* MyStockView.swift in Sources */,
				AA12E50728C62826000A41B6 /* InvestingStockViewModel.swift in Sources */,
				AA50E98D28AA3541009AC4DC /* TimeSeriesViewModel.swift in Sources */,
				AA12E51728C70DD1000A41B6 /* LoginPageView.swift in Sources */,
				AA50E98228AA0E7B009AC4DC /* ModelData.swift in Sources */,
				AAB8C0CB28D0A4A700A7BB13 /* GoogleLoginViewModel.swift in Sources */,
				AA50E98B28AA3246009AC4DC /* StockCurrentViewModel.swift in Sources */,
				AA50E96C28A9F845009AC4DC /* wallboy_frame.xcdatamodeld in Sources */,
				AA50E98628AA1AC1009AC4DC /* StockDetailView.swift in Sources */,
				AA1340F528AFD0E9004336F6 /* BaseView.swift in Sources */,
				AAB8C0D928D46F9000A7BB13 /* StockInfo.swift in Sources */,
				AA50E96028A9F842009AC4DC /* wallboy_frameApp.swift in Sources */,
				AA50E98828AA2DAD009AC4DC /* StockCurrent.swift in Sources */,
			);
			runOnlyForDeploymentPostprocessing = 0;
		};
/* End PBXSourcesBuildPhase section */

/* Begin XCBuildConfiguration section */
		AA50E96D28A9F845009AC4DC /* Debug */ = {
			isa = XCBuildConfiguration;
			buildSettings = {
				ALWAYS_SEARCH_USER_PATHS = NO;
				CLANG_ANALYZER_NONNULL = YES;
				CLANG_ANALYZER_NUMBER_OBJECT_CONVERSION = YES_AGGRESSIVE;
				CLANG_CXX_LANGUAGE_STANDARD = "gnu++20";
				CLANG_ENABLE_MODULES = YES;
				CLANG_ENABLE_OBJC_ARC = YES;
				CLANG_ENABLE_OBJC_WEAK = YES;
				CLANG_WARN_BLOCK_CAPTURE_AUTORELEASING = YES;
				CLANG_WARN_BOOL_CONVERSION = YES;
				CLANG_WARN_COMMA = YES;
				CLANG_WARN_CONSTANT_CONVERSION = YES;
				CLANG_WARN_DEPRECATED_OBJC_IMPLEMENTATIONS = YES;
				CLANG_WARN_DIRECT_OBJC_ISA_USAGE = YES_ERROR;
				CLANG_WARN_DOCUMENTATION_COMMENTS = YES;
				CLANG_WARN_EMPTY_BODY = YES;
				CLANG_WARN_ENUM_CONVERSION = YES;
				CLANG_WARN_INFINITE_RECURSION = YES;
				CLANG_WARN_INT_CONVERSION = YES;
				CLANG_WARN_NON_LITERAL_NULL_CONVERSION = YES;
				CLANG_WARN_OBJC_IMPLICIT_RETAIN_SELF = YES;
				CLANG_WARN_OBJC_LITERAL_CONVERSION = YES;
				CLANG_WARN_OBJC_ROOT_CLASS = YES_ERROR;
				CLANG_WARN_QUOTED_INCLUDE_IN_FRAMEWORK_HEADER = YES;
				CLANG_WARN_RANGE_LOOP_ANALYSIS = YES;
				CLANG_WARN_STRICT_PROTOTYPES = YES;
				CLANG_WARN_SUSPICIOUS_MOVE = YES;
				CLANG_WARN_UNGUARDED_AVAILABILITY = YES_AGGRESSIVE;
				CLANG_WARN_UNREACHABLE_CODE = YES;
				CLANG_WARN__DUPLICATE_METHOD_MATCH = YES;
				COPY_PHASE_STRIP = NO;
				DEBUG_INFORMATION_FORMAT = dwarf;
				ENABLE_STRICT_OBJC_MSGSEND = YES;
				ENABLE_TESTABILITY = YES;
				GCC_C_LANGUAGE_STANDARD = gnu11;
				GCC_DYNAMIC_NO_PIC = NO;
				GCC_NO_COMMON_BLOCKS = YES;
				GCC_OPTIMIZATION_LEVEL = 0;
				GCC_PREPROCESSOR_DEFINITIONS = (
					"DEBUG=1",
					"$(inherited)",
				);
				GCC_WARN_64_TO_32_BIT_CONVERSION = YES;
				GCC_WARN_ABOUT_RETURN_TYPE = YES_ERROR;
				GCC_WARN_UNDECLARED_SELECTOR = YES;
				GCC_WARN_UNINITIALIZED_AUTOS = YES_AGGRESSIVE;
				GCC_WARN_UNUSED_FUNCTION = YES;
				GCC_WARN_UNUSED_VARIABLE = YES;
				IPHONEOS_DEPLOYMENT_TARGET = 16.0;
				MTL_ENABLE_DEBUG_INFO = INCLUDE_SOURCE;
				MTL_FAST_MATH = YES;
				ONLY_ACTIVE_ARCH = YES;
				SDKROOT = iphoneos;
				SWIFT_ACTIVE_COMPILATION_CONDITIONS = DEBUG;
				SWIFT_OPTIMIZATION_LEVEL = "-Onone";
			};
			name = Debug;
		};
		AA50E96E28A9F845009AC4DC /* Release */ = {
			isa = XCBuildConfiguration;
			buildSettings = {
				ALWAYS_SEARCH_USER_PATHS = NO;
				CLANG_ANALYZER_NONNULL = YES;
				CLANG_ANALYZER_NUMBER_OBJECT_CONVERSION = YES_AGGRESSIVE;
				CLANG_CXX_LANGUAGE_STANDARD = "gnu++20";
				CLANG_ENABLE_MODULES = YES;
				CLANG_ENABLE_OBJC_ARC = YES;
				CLANG_ENABLE_OBJC_WEAK = YES;
				CLANG_WARN_BLOCK_CAPTURE_AUTORELEASING = YES;
				CLANG_WARN_BOOL_CONVERSION = YES;
				CLANG_WARN_COMMA = YES;
				CLANG_WARN_CONSTANT_CONVERSION = YES;
				CLANG_WARN_DEPRECATED_OBJC_IMPLEMENTATIONS = YES;
				CLANG_WARN_DIRECT_OBJC_ISA_USAGE = YES_ERROR;
				CLANG_WARN_DOCUMENTATION_COMMENTS = YES;
				CLANG_WARN_EMPTY_BODY = YES;
				CLANG_WARN_ENUM_CONVERSION = YES;
				CLANG_WARN_INFINITE_RECURSION = YES;
				CLANG_WARN_INT_CONVERSION = YES;
				CLANG_WARN_NON_LITERAL_NULL_CONVERSION = YES;
				CLANG_WARN_OBJC_IMPLICIT_RETAIN_SELF = YES;
				CLANG_WARN_OBJC_LITERAL_CONVERSION = YES;
				CLANG_WARN_OBJC_ROOT_CLASS = YES_ERROR;
				CLANG_WARN_QUOTED_INCLUDE_IN_FRAMEWORK_HEADER = YES;
				CLANG_WARN_RANGE_LOOP_ANALYSIS = YES;
				CLANG_WARN_STRICT_PROTOTYPES = YES;
				CLANG_WARN_SUSPICIOUS_MOVE = YES;
				CLANG_WARN_UNGUARDED_AVAILABILITY = YES_AGGRESSIVE;
				CLANG_WARN_UNREACHABLE_CODE = YES;
				CLANG_WARN__DUPLICATE_METHOD_MATCH = YES;
				COPY_PHASE_STRIP = NO;
				DEBUG_INFORMATION_FORMAT = "dwarf-with-dsym";
				ENABLE_NS_ASSERTIONS = NO;
				ENABLE_STRICT_OBJC_MSGSEND = YES;
				GCC_C_LANGUAGE_STANDARD = gnu11;
				GCC_NO_COMMON_BLOCKS = YES;
				GCC_WARN_64_TO_32_BIT_CONVERSION = YES;
				GCC_WARN_ABOUT_RETURN_TYPE = YES_ERROR;
				GCC_WARN_UNDECLARED_SELECTOR = YES;
				GCC_WARN_UNINITIALIZED_AUTOS = YES_AGGRESSIVE;
				GCC_WARN_UNUSED_FUNCTION = YES;
				GCC_WARN_UNUSED_VARIABLE = YES;
				IPHONEOS_DEPLOYMENT_TARGET = 16.0;
				MTL_ENABLE_DEBUG_INFO = NO;
				MTL_FAST_MATH = YES;
				SDKROOT = iphoneos;
				SWIFT_COMPILATION_MODE = wholemodule;
				SWIFT_OPTIMIZATION_LEVEL = "-O";
				VALIDATE_PRODUCT = YES;
			};
			name = Release;
		};
		AA50E97028A9F845009AC4DC /* Debug */ = {
			isa = XCBuildConfiguration;
			buildSettings = {
				ASSETCATALOG_COMPILER_APPICON_NAME = AppIcon;
				ASSETCATALOG_COMPILER_GLOBAL_ACCENT_COLOR_NAME = AccentColor;
				CODE_SIGN_STYLE = Automatic;
				CURRENT_PROJECT_VERSION = 1;
				DEVELOPMENT_ASSET_PATHS = "\"wallboy_frame/Preview Content\"";
				DEVELOPMENT_TEAM = 2UYV54B9WB;
				ENABLE_PREVIEWS = YES;
				GENERATE_INFOPLIST_FILE = YES;
				INFOPLIST_FILE = "wallboy-frame-Info.plist";
				INFOPLIST_KEY_UIApplicationSceneManifest_Generation = YES;
				INFOPLIST_KEY_UIApplicationSupportsIndirectInputEvents = YES;
				INFOPLIST_KEY_UILaunchScreen_Generation = YES;
				INFOPLIST_KEY_UISupportedInterfaceOrientations_iPad = "UIInterfaceOrientationPortrait UIInterfaceOrientationPortraitUpsideDown UIInterfaceOrientationLandscapeLeft UIInterfaceOrientationLandscapeRight";
				INFOPLIST_KEY_UISupportedInterfaceOrientations_iPhone = "UIInterfaceOrientationPortrait UIInterfaceOrientationLandscapeLeft UIInterfaceOrientationLandscapeRight";
				IPHONEOS_DEPLOYMENT_TARGET = 16.0;
				LD_RUNPATH_SEARCH_PATHS = (
					"$(inherited)",
					"@executable_path/Frameworks",
				);
				MARKETING_VERSION = 1.0;
				PRODUCT_BUNDLE_IDENTIFIER = com.alaxhenry.WallBoy;
				PRODUCT_NAME = "$(TARGET_NAME)";
				SWIFT_EMIT_LOC_STRINGS = YES;
				SWIFT_VERSION = 5.0;
				TARGETED_DEVICE_FAMILY = "1,2";
			};
			name = Debug;
		};
		AA50E97128A9F845009AC4DC /* Release */ = {
			isa = XCBuildConfiguration;
			buildSettings = {
				ASSETCATALOG_COMPILER_APPICON_NAME = AppIcon;
				ASSETCATALOG_COMPILER_GLOBAL_ACCENT_COLOR_NAME = AccentColor;
				CODE_SIGN_STYLE = Automatic;
				CURRENT_PROJECT_VERSION = 1;
				DEVELOPMENT_ASSET_PATHS = "\"wallboy_frame/Preview Content\"";
				DEVELOPMENT_TEAM = 2UYV54B9WB;
				ENABLE_PREVIEWS = YES;
				GENERATE_INFOPLIST_FILE = YES;
				INFOPLIST_FILE = "wallboy-frame-Info.plist";
				INFOPLIST_KEY_UIApplicationSceneManifest_Generation = YES;
				INFOPLIST_KEY_UIApplicationSupportsIndirectInputEvents = YES;
				INFOPLIST_KEY_UILaunchScreen_Generation = YES;
				INFOPLIST_KEY_UISupportedInterfaceOrientations_iPad = "UIInterfaceOrientationPortrait UIInterfaceOrientationPortraitUpsideDown UIInterfaceOrientationLandscapeLeft UIInterfaceOrientationLandscapeRight";
				INFOPLIST_KEY_UISupportedInterfaceOrientations_iPhone = "UIInterfaceOrientationPortrait UIInterfaceOrientationLandscapeLeft UIInterfaceOrientationLandscapeRight";
				IPHONEOS_DEPLOYMENT_TARGET = 16.0;
				LD_RUNPATH_SEARCH_PATHS = (
					"$(inherited)",
					"@executable_path/Frameworks",
				);
				MARKETING_VERSION = 1.0;
				PRODUCT_BUNDLE_IDENTIFIER = com.alaxhenry.WallBoy;
				PRODUCT_NAME = "$(TARGET_NAME)";
				SWIFT_EMIT_LOC_STRINGS = YES;
				SWIFT_VERSION = 5.0;
				TARGETED_DEVICE_FAMILY = "1,2";
			};
			name = Release;
		};
/* End XCBuildConfiguration section */

/* Begin XCConfigurationList section */
		AA50E95728A9F842009AC4DC /* Build configuration list for PBXProject "wallboy_frame" */ = {
			isa = XCConfigurationList;
			buildConfigurations = (
				AA50E96D28A9F845009AC4DC /* Debug */,
				AA50E96E28A9F845009AC4DC /* Release */,
			);
			defaultConfigurationIsVisible = 0;
			defaultConfigurationName = Release;
		};
		AA50E96F28A9F845009AC4DC /* Build configuration list for PBXNativeTarget "wallboy_frame" */ = {
			isa = XCConfigurationList;
			buildConfigurations = (
				AA50E97028A9F845009AC4DC /* Debug */,
				AA50E97128A9F845009AC4DC /* Release */,
			);
			defaultConfigurationIsVisible = 0;
			defaultConfigurationName = Release;
		};
/* End XCConfigurationList section */

/* Begin XCRemoteSwiftPackageReference section */
		AA12E50C28C6F988000A41B6 /* XCRemoteSwiftPackageReference "firebase-ios-sdk" */ = {
			isa = XCRemoteSwiftPackageReference;
			repositoryURL = "https://github.com/firebase/firebase-ios-sdk";
			requirement = {
				kind = upToNextMajorVersion;
				minimumVersion = 9.0.0;
			};
		};
		AA12E51328C7060E000A41B6 /* XCRemoteSwiftPackageReference "GoogleSignIn-iOS" */ = {
			isa = XCRemoteSwiftPackageReference;
			repositoryURL = "https://github.com/google/GoogleSignIn-iOS";
			requirement = {
				kind = upToNextMajorVersion;
				minimumVersion = 6.0.0;
			};
		};
/* End XCRemoteSwiftPackageReference section */

/* Begin XCSwiftPackageProductDependency section */
		AA12E50D28C6F988000A41B6 /* FirebaseAuth */ = {
			isa = XCSwiftPackageProductDependency;
			package = AA12E50C28C6F988000A41B6 /* XCRemoteSwiftPackageReference "firebase-ios-sdk" */;
			productName = FirebaseAuth;
		};
		AA12E51428C7060E000A41B6 /* GoogleSignInSwift */ = {
			isa = XCSwiftPackageProductDependency;
			package = AA12E51328C7060E000A41B6 /* XCRemoteSwiftPackageReference "GoogleSignIn-iOS" */;
			productName = GoogleSignInSwift;
		};
/* End XCSwiftPackageProductDependency section */

/* Begin XCVersionGroup section */
		AA50E96A28A9F845009AC4DC /* wallboy_frame.xcdatamodeld */ = {
			isa = XCVersionGroup;
			children = (
				AA50E96B28A9F845009AC4DC /* wallboy_frame.xcdatamodel */,
			);
			currentVersion = AA50E96B28A9F845009AC4DC /* wallboy_frame.xcdatamodel */;
			path = wallboy_frame.xcdatamodeld;
			sourceTree = "<group>";
			versionGroupType = wrapper.xcdatamodel;
		};
/* End XCVersionGroup section */
	};
	rootObject = AA50E95428A9F842009AC4DC /* Project object */;
}
